# This is a Gradle generated file for dependency locking.
# Manual edits can break the build and are not advised.
# This file is expected to be part of source control.
androidx.activity:activity-compose:1.9.2=debugRuntimeClasspath
androidx.activity:activity-ktx:1.9.2=debugRuntimeClasspath
androidx.activity:activity:1.9.2=debugRuntimeClasspath
androidx.annotation:annotation-experimental:1.4.0=debugRuntimeClasspath
androidx.annotation:annotation-jvm:1.8.0=debugRuntimeClasspath
androidx.annotation:annotation:1.8.0=debugRuntimeClasspath
androidx.appcompat:appcompat-resources:1.7.0=debugRuntimeClasspath
androidx.appcompat:appcompat:1.7.0=debugRuntimeClasspath
androidx.arch.core:core-common:2.2.0=debugRuntimeClasspath
androidx.arch.core:core-runtime:2.2.0=debugRuntimeClasspath
androidx.autofill:autofill:1.0.0=debugRuntimeClasspath
androidx.collection:collection-jvm:1.4.0=debugRuntimeClasspath
androidx.collection:collection-ktx:1.4.0=debugRuntimeClasspath
androidx.collection:collection:1.4.0=debugRuntimeClasspath
androidx.compose.animation:animation-android:1.6.8=debugRuntimeClasspath
androidx.compose.animation:animation-core-android:1.6.8=debugRuntimeClasspath
androidx.compose.animation:animation-core:1.6.8=debugRuntimeClasspath
androidx.compose.animation:animation:1.6.8=debugRuntimeClasspath
androidx.compose.foundation:foundation-android:1.6.8=debugRuntimeClasspath
androidx.compose.foundation:foundation-layout-android:1.6.8=debugRuntimeClasspath
androidx.compose.foundation:foundation-layout:1.6.8=debugRuntimeClasspath
androidx.compose.foundation:foundation:1.6.8=debugRuntimeClasspath
androidx.compose.material3:material3-android:1.2.1=debugRuntimeClasspath
androidx.compose.material3:material3:1.2.1=debugRuntimeClasspath
androidx.compose.material:material-android:1.6.8=debugRuntimeClasspath
androidx.compose.material:material-icons-core-android:1.6.8=debugRuntimeClasspath
androidx.compose.material:material-icons-core:1.6.8=debugRuntimeClasspath
androidx.compose.material:material-icons-extended-android:1.6.8=debugRuntimeClasspath
androidx.compose.material:material-icons-extended:1.6.8=debugRuntimeClasspath
androidx.compose.material:material-ripple-android:1.6.8=debugRuntimeClasspath
androidx.compose.material:material-ripple:1.6.8=debugRuntimeClasspath
androidx.compose.material:material:1.6.8=debugRuntimeClasspath
androidx.compose.runtime:runtime-android:1.6.8=debugRuntimeClasspath
androidx.compose.runtime:runtime-saveable-android:1.6.8=debugRuntimeClasspath
androidx.compose.runtime:runtime-saveable:1.6.8=debugRuntimeClasspath
androidx.compose.runtime:runtime:1.6.8=debugRuntimeClasspath
androidx.compose.ui:ui-android:1.6.8=debugRuntimeClasspath
androidx.compose.ui:ui-geometry-android:1.6.8=debugRuntimeClasspath
androidx.compose.ui:ui-geometry:1.6.8=debugRuntimeClasspath
androidx.compose.ui:ui-graphics-android:1.6.8=debugRuntimeClasspath
androidx.compose.ui:ui-graphics:1.6.8=debugRuntimeClasspath
androidx.compose.ui:ui-text-android:1.6.8=debugRuntimeClasspath
androidx.compose.ui:ui-text:1.6.8=debugRuntimeClasspath
androidx.compose.ui:ui-tooling-android:1.6.8=debugRuntimeClasspath
androidx.compose.ui:ui-tooling-data-android:1.6.8=debugRuntimeClasspath
androidx.compose.ui:ui-tooling-data:1.6.8=debugRuntimeClasspath
androidx.compose.ui:ui-tooling-preview-android:1.6.8=debugRuntimeClasspath
androidx.compose.ui:ui-tooling-preview:1.6.8=debugRuntimeClasspath
androidx.compose.ui:ui-tooling:1.6.8=debugRuntimeClasspath
androidx.compose.ui:ui-unit-android:1.6.8=debugRuntimeClasspath
androidx.compose.ui:ui-unit:1.6.8=debugRuntimeClasspath
androidx.compose.ui:ui-util-android:1.6.8=debugRuntimeClasspath
androidx.compose.ui:ui-util:1.6.8=debugRuntimeClasspath
androidx.compose.ui:ui:1.6.8=debugRuntimeClasspath
androidx.compose:compose-bom:2024.06.00=debugRuntimeClasspath
androidx.concurrent:concurrent-futures:1.1.0=debugRuntimeClasspath
androidx.core:core-ktx:1.13.0=debugRuntimeClasspath
androidx.core:core-splashscreen:1.0.1=debugRuntimeClasspath
androidx.core:core:1.13.0=debugRuntimeClasspath
androidx.cursoradapter:cursoradapter:1.0.0=debugRuntimeClasspath
androidx.customview:customview-poolingcontainer:1.0.0=debugRuntimeClasspath
androidx.customview:customview:1.0.0=debugRuntimeClasspath
androidx.datastore:datastore-android:1.1.1=debugRuntimeClasspath
androidx.datastore:datastore-core-android:1.1.1=debugRuntimeClasspath
androidx.datastore:datastore-core-okio-jvm:1.1.1=debugRuntimeClasspath
androidx.datastore:datastore-core-okio:1.1.1=debugRuntimeClasspath
androidx.datastore:datastore-core:1.1.1=debugRuntimeClasspath
androidx.datastore:datastore-preferences-android:1.1.1=debugRuntimeClasspath
androidx.datastore:datastore-preferences-core-jvm:1.1.1=debugRuntimeClasspath
androidx.datastore:datastore-preferences-core:1.1.1=debugRuntimeClasspath
androidx.datastore:datastore-preferences:1.1.1=debugRuntimeClasspath
androidx.datastore:datastore:1.1.1=debugRuntimeClasspath
androidx.drawerlayout:drawerlayout:1.0.0=debugRuntimeClasspath
androidx.emoji2:emoji2-views-helper:1.3.0=debugRuntimeClasspath
androidx.emoji2:emoji2:1.3.0=debugRuntimeClasspath
androidx.fragment:fragment:1.5.4=debugRuntimeClasspath
androidx.interpolator:interpolator:1.0.0=debugRuntimeClasspath
androidx.lifecycle:lifecycle-common-java8:2.8.4=debugRuntimeClasspath
androidx.lifecycle:lifecycle-common-jvm:2.8.4=debugRuntimeClasspath
androidx.lifecycle:lifecycle-common:2.8.4=debugRuntimeClasspath
androidx.lifecycle:lifecycle-livedata-core-ktx:2.8.4=debugRuntimeClasspath
androidx.lifecycle:lifecycle-livedata-core:2.8.4=debugRuntimeClasspath
androidx.lifecycle:lifecycle-livedata:2.8.4=debugRuntimeClasspath
androidx.lifecycle:lifecycle-process:2.8.4=debugRuntimeClasspath
androidx.lifecycle:lifecycle-runtime-android:2.8.4=debugRuntimeClasspath
androidx.lifecycle:lifecycle-runtime-ktx-android:2.8.4=debugRuntimeClasspath
androidx.lifecycle:lifecycle-runtime-ktx:2.8.4=debugRuntimeClasspath
androidx.lifecycle:lifecycle-runtime:2.8.4=debugRuntimeClasspath
androidx.lifecycle:lifecycle-viewmodel-android:2.8.4=debugRuntimeClasspath
androidx.lifecycle:lifecycle-viewmodel-compose-android:2.8.4=debugRuntimeClasspath
androidx.lifecycle:lifecycle-viewmodel-compose:2.8.4=debugRuntimeClasspath
androidx.lifecycle:lifecycle-viewmodel-ktx:2.8.4=debugRuntimeClasspath
androidx.lifecycle:lifecycle-viewmodel-savedstate:2.8.4=debugRuntimeClasspath
androidx.lifecycle:lifecycle-viewmodel:2.8.4=debugRuntimeClasspath
androidx.loader:loader:1.0.0=debugRuntimeClasspath
androidx.profileinstaller:profileinstaller:1.3.1=debugRuntimeClasspath
androidx.resourceinspection:resourceinspection-annotation:1.0.1=debugRuntimeClasspath
androidx.savedstate:savedstate-ktx:1.2.1=debugRuntimeClasspath
androidx.savedstate:savedstate:1.2.1=debugRuntimeClasspath
androidx.startup:startup-runtime:1.1.1=debugRuntimeClasspath
androidx.tracing:tracing:1.0.0=debugRuntimeClasspath
androidx.vectordrawable:vectordrawable-animated:1.1.0=debugRuntimeClasspath
androidx.vectordrawable:vectordrawable:1.1.0=debugRuntimeClasspath
androidx.versionedparcelable:versionedparcelable:1.1.1=debugRuntimeClasspath
androidx.viewpager:viewpager:1.0.0=debugRuntimeClasspath
com.google.guava:listenablefuture:1.0=debugRuntimeClasspath
com.squareup.okhttp3:okhttp:4.12.0=debugRuntimeClasspath
com.squareup.okio:okio-jvm:3.6.0=debugRuntimeClasspath
com.squareup.okio:okio:3.6.0=debugRuntimeClasspath
org.jetbrains.kotlin:kotlin-android-extensions-runtime:1.9.22=debugRuntimeClasspath
org.jetbrains.kotlin:kotlin-parcelize-runtime:1.9.22=debugRuntimeClasspath
org.jetbrains.kotlin:kotlin-stdlib-common:1.9.24=debugRuntimeClasspath
org.jetbrains.kotlin:kotlin-stdlib-jdk7:1.9.10=debugRuntimeClasspath
org.jetbrains.kotlin:kotlin-stdlib-jdk8:1.9.10=debugRuntimeClasspath
org.jetbrains.kotlin:kotlin-stdlib:1.9.24=debugRuntimeClasspath
org.jetbrains.kotlinx:kotlinx-coroutines-android:1.8.1=debugRuntimeClasspath
org.jetbrains.kotlinx:kotlinx-coroutines-bom:1.8.1=debugRuntimeClasspath
org.jetbrains.kotlinx:kotlinx-coroutines-core-jvm:1.8.1=debugRuntimeClasspath
org.jetbrains.kotlinx:kotlinx-coroutines-core:1.8.1=debugRuntimeClasspath
org.jetbrains.kotlinx:kotlinx-serialization-bom:1.6.3=debugRuntimeClasspath
org.jetbrains.kotlinx:kotlinx-serialization-core-jvm:1.6.3=debugRuntimeClasspath
org.jetbrains.kotlinx:kotlinx-serialization-core:1.6.3=debugRuntimeClasspath
org.jetbrains.kotlinx:kotlinx-serialization-json-jvm:1.6.3=debugRuntimeClasspath
org.jetbrains.kotlinx:kotlinx-serialization-json:1.6.3=debugRuntimeClasspath
org.jetbrains:annotations:23.0.0=debugRuntimeClasspath
empty=
